
Microsoft Visual Studio Solution File, Format Version 12.00
# Visual Studio 15
VisualStudioVersion = 15.0.27428.2015
MinimumVisualStudioVersion = 10.0.40219.1
Project("{FAE04EC0-301F-11D3-BF4B-00C04F79EFBC}") = "SurfRU", "SurfRU\SurfRU.csproj", "{F283D38D-1B91-46F7-AEB6-4C6955764B70}"
EndProject
Global
	GlobalSection(SolutionConfigurationPlatforms) = preSolution
		Debug|Any CPU = Debug|Any CPU
		Release|Any CPU = Release|Any CPU
	EndGlobalSection
	GlobalSection(ProjectConfigurationPlatforms) = postSolution
		{F283D38D-1B91-46F7-AEB6-4C6955764B70}.Debug|Any CPU.ActiveCfg = Debug|Any CPU
		{F283D38D-1B91-46F7-AEB6-4C6955764B70}.Debug|Any CPU.Build.0 = Debug|Any CPU
		{F283D38D-1B91-46F7-AEB6-4C6955764B70}.Release|Any CPU.ActiveCfg = Release|Any CPU
		{F283D38D-1B91-46F7-AEB6-4C6955764B70}.Release|Any CPU.Build.0 = Release|Any CPU
	EndGlobalSection
	GlobalSection(SolutionProperties) = preSolution
		HideSolutionNode = FALSE
	EndGlobalSection
	GlobalSection(ExtensibilityGlobals) = postSolution
		SolutionGuid = {53F0BB04-4A87-4D5E-BCFB-6B9FC8D3FF96}
	EndGlobalSection
EndGlobal
